
Microsoft Visual Studio Solution File, Format Version 12.00
# Visual Studio Version 16
VisualStudioVersion = 16.0.29209.62
MinimumVisualStudioVersion = 10.0.40219.1
Project("{FAE04EC0-301F-11D3-BF4B-00C04F79EFBC}") = "BaiTap5", "BaiTap5\BaiTap5.csproj", "{8CB60723-DB37-445C-ABFD-6C0E9CCD69EB}"
EndProject
Global
	GlobalSection(SolutionConfigurationPlatforms) = preSolution
		Debug|Any CPU = Debug|Any CPU
		Release|Any CPU = Release|Any CPU
	EndGlobalSection
	GlobalSection(ProjectConfigurationPlatforms) = postSolution
		{8CB60723-DB37-445C-ABFD-6C0E9CCD69EB}.Debug|Any CPU.ActiveCfg = Debug|Any CPU
		{8CB60723-DB37-445C-ABFD-6C0E9CCD69EB}.Debug|Any CPU.Build.0 = Debug|Any CPU
		{8CB60723-DB37-445C-ABFD-6C0E9CCD69EB}.Release|Any CPU.ActiveCfg = Release|Any CPU
		{8CB60723-DB37-445C-ABFD-6C0E9CCD69EB}.Release|Any CPU.Build.0 = Release|Any CPU
	EndGlobalSection
	GlobalSection(SolutionProperties) = preSolution
		HideSolutionNode = FALSE
	EndGlobalSection
	GlobalSection(ExtensibilityGlobals) = postSolution
		SolutionGuid = {846921BD-D250-4B7D-BB43-4FA4212E9CCF}
	EndGlobalSection
EndGlobal
